
Microsoft Visual Studio Solution File, Format Version 12.00
# Visual Studio Version 16
VisualStudioVersion = 16.0.30011.22
MinimumVisualStudioVersion = 10.0.40219.1
Project("{FAE04EC0-301F-11D3-BF4B-00C04F79EFBC}") = "VAPTS", "VAPS\VAPTS.csproj", "{3A99F3E3-269B-4937-AE50-69B4828FA685}"
EndProject
Project("{FAE04EC0-301F-11D3-BF4B-00C04F79EFBC}") = "VAPTSTest", "VAPTSTest\VAPTSTest.csproj", "{A4D9BD83-F4CF-4738-A4D7-A03C27E6B7DF}"
EndProject
Global
	GlobalSection(SolutionConfigurationPlatforms) = preSolution
		Debug|Any CPU = Debug|Any CPU
		Release|Any CPU = Release|Any CPU
	EndGlobalSection
	GlobalSection(ProjectConfigurationPlatforms) = postSolution
		{3A99F3E3-269B-4937-AE50-69B4828FA685}.Debug|Any CPU.ActiveCfg = Debug|Any CPU
		{3A99F3E3-269B-4937-AE50-69B4828FA685}.Debug|Any CPU.Build.0 = Debug|Any CPU
		{3A99F3E3-269B-4937-AE50-69B4828FA685}.Release|Any CPU.ActiveCfg = Release|Any CPU
		{3A99F3E3-269B-4937-AE50-69B4828FA685}.Release|Any CPU.Build.0 = Release|Any CPU
		{A4D9BD83-F4CF-4738-A4D7-A03C27E6B7DF}.Debug|Any CPU.ActiveCfg = Debug|Any CPU
		{A4D9BD83-F4CF-4738-A4D7-A03C27E6B7DF}.Debug|Any CPU.Build.0 = Debug|Any CPU
		{A4D9BD83-F4CF-4738-A4D7-A03C27E6B7DF}.Release|Any CPU.ActiveCfg = Release|Any CPU
		{A4D9BD83-F4CF-4738-A4D7-A03C27E6B7DF}.Release|Any CPU.Build.0 = Release|Any CPU
	EndGlobalSection
	GlobalSection(SolutionProperties) = preSolution
		HideSolutionNode = FALSE
	EndGlobalSection
	GlobalSection(ExtensibilityGlobals) = postSolution
		SolutionGuid = {EC4F4F19-AA81-41B7-95DF-5396346D262F}
	EndGlobalSection
EndGlobal
